{
  "requires": true,
  "lockfileVersion": 1,
  "dependencies": {
    "amdefine": {
      "version": "1.0.1",
      "resolved": "https://registry.npmjs.org/amdefine/-/amdefine-1.0.1.tgz",
      "integrity": "sha1-SlKCrBZHKek2Gbz9OtFR+BfOkfU="
    },
    "ast-parents": {
      "version": "0.0.1",
      "resolved": "https://registry.npmjs.org/ast-parents/-/ast-parents-0.0.1.tgz",
      "integrity": "sha1-UI/Q8F0MSHddnszaLhdEIyYejdM="
    },
    "ast-transform": {
      "version": "0.0.0",
      "resolved": "https://registry.npmjs.org/ast-transform/-/ast-transform-0.0.0.tgz",
      "integrity": "sha1-dJRAWIh9goPhidlUYAlHvJj+AGI=",
      "requires": {
        "escodegen": "~1.2.0",
        "esprima": "~1.0.4",
        "through": "~2.3.4"
      }
    },
    "ast-types": {
      "version": "0.3.38",
      "resolved": "https://registry.npmjs.org/ast-types/-/ast-types-0.3.38.tgz",
      "integrity": "sha1-r+Qw5gtNs84u0izuoPFvHDF2Pvc=",
      "requires": {
        "private": "~0.1.2"
      }
    },
    "axios": {
      "version": "0.21.0",
      "resolved": "https://registry.npmjs.org/axios/-/axios-0.21.0.tgz",
      "integrity": "sha512-fmkJBknJKoZwem3/IKSSLpkdNXZeBu5Q7GA/aRsr2btgrptmSCxi2oFjZHqGdK9DoTil9PIHlPIZw2EcRJXRvw==",
      "requires": {
        "follow-redirects": "^1.10.0"
      }
    },
    "cls": {
      "version": "0.1.5",
      "resolved": "https://registry.npmjs.org/cls/-/cls-0.1.5.tgz",
      "integrity": "sha1-3zIYz50UgHR/WE2IsZt0xrKBMXs="
    },
    "component-classes": {
      "version": "1.2.3",
      "resolved": "https://registry.npmjs.org/component-classes/-/component-classes-1.2.3.tgz",
      "integrity": "sha1-9vQpd/iQs3c3slD25k+ip3VXqZA=",
      "requires": {
        "component-indexof": "0.0.3"
      }
    },
    "component-closest": {
      "version": "1.0.1",
      "resolved": "https://registry.npmjs.org/component-closest/-/component-closest-1.0.1.tgz",
      "integrity": "sha1-HtBGQTL8iKNRCi2r7AeWlXifsbU=",
      "requires": {
        "component-matches-selector": "~0.1.6"
      }
    },
    "component-css": {
      "version": "0.0.6",
      "resolved": "https://registry.npmjs.org/component-css/-/component-css-0.0.6.tgz",
      "integrity": "sha1-rLlgY5WGDsWV04/uhPKiBklcVw8=",
      "requires": {
        "component-each": "~0.2.2",
        "debug": "*",
        "to-camel-case": "0.2.1",
        "within-document": "0.0.1"
      }
    },
    "component-delegate": {
      "version": "0.2.3",
      "resolved": "https://registry.npmjs.org/component-delegate/-/component-delegate-0.2.3.tgz",
      "integrity": "sha1-Uj7DoFOP3IXiXptK5MXgYGh19/w=",
      "requires": {
        "component-closest": "*",
        "component-event": "*"
      }
    },
    "component-dom": {
      "version": "1.0.7",
      "resolved": "https://registry.npmjs.org/component-dom/-/component-dom-1.0.7.tgz",
      "integrity": "sha1-BhRzipzy0C4mCNC4L6G6QNUoJHM=",
      "requires": {
        "component-classes": "1.2.3",
        "component-css": "0.0.6",
        "component-delegate": "0.2.3",
        "component-each": "0.2.5",
        "component-event": "0.1.4",
        "component-query": "0.0.3",
        "component-value": "1.1.0",
        "domify": "1.3.2",
        "matches-selector": "1.0.0",
        "object-keys": "1.0.3",
        "text-content": "0.0.3",
        "to-function": "2.0.6",
        "trim": "0.0.1",
        "yields-traverse": "0.1.1"
      }
    },
    "component-each": {
      "version": "0.2.5",
      "resolved": "https://registry.npmjs.org/component-each/-/component-each-0.2.5.tgz",
      "integrity": "sha1-ME0pKYlKpxayypmO/APrxYYGlJo=",
      "requires": {
        "component-type": "1.0.0",
        "to-function": "2.0.5"
      },
      "dependencies": {
        "to-function": {
          "version": "2.0.5",
          "resolved": "https://registry.npmjs.org/to-function/-/to-function-2.0.5.tgz",
          "integrity": "sha1-lJ0Ywn2bW56p8yghcL4SAdCzXGg=",
          "requires": {
            "component-props": "*",
            "remove-try-require": "0.0.0"
          }
        }
      }
    },
    "component-emitter": {
      "version": "1.2.0",
      "resolved": "https://registry.npmjs.org/component-emitter/-/component-emitter-1.2.0.tgz",
      "integrity": "sha1-zNETqGOI0GSC0D3j/H35hSa6jv4="
    },
    "component-event": {
      "version": "0.1.4",
      "resolved": "https://registry.npmjs.org/component-event/-/component-event-0.1.4.tgz",
      "integrity": "sha1-PeePwoeCOBeH4kvyp8U2vwFCybQ="
    },
    "component-indexof": {
      "version": "0.0.3",
      "resolved": "https://registry.npmjs.org/component-indexof/-/component-indexof-0.0.3.tgz",
      "integrity": "sha1-EdCRMSI5648yyPJa6csAL/6NPCQ="
    },
    "component-matches-selector": {
      "version": "0.1.7",
      "resolved": "https://registry.npmjs.org/component-matches-selector/-/component-matches-selector-0.1.7.tgz",
      "integrity": "sha512-Yb2+pVBvrqkQVpPaDBF0DYXRreBveXJNrpJs9FnFu8PF6/5IIcz5oDZqiH9nB5hbD2/TmFVN5ZCxBzqu7yFFYQ==",
      "requires": {
        "component-query": "*",
        "global-object": "^1.0.0"
      }
    },
    "component-props": {
      "version": "1.1.1",
      "resolved": "https://registry.npmjs.org/component-props/-/component-props-1.1.1.tgz",
      "integrity": "sha1-+bffm5kntubZfJvScqqGdnDzSUQ="
    },
    "component-query": {
      "version": "0.0.3",
      "resolved": "https://registry.npmjs.org/component-query/-/component-query-0.0.3.tgz",
      "integrity": "sha1-B/Sdq3Bx+pYGcl31PmB/RorNqs8="
    },
    "component-type": {
      "version": "1.0.0",
      "resolved": "https://registry.npmjs.org/component-type/-/component-type-1.0.0.tgz",
      "integrity": "sha1-HtiBLjLdZQmdQzVwdX8RHqPT2HE="
    },
    "component-value": {
      "version": "1.1.0",
      "resolved": "https://registry.npmjs.org/component-value/-/component-value-1.1.0.tgz",
      "integrity": "sha1-BgxR6B8zVNgKw06Nru0XDGFhVf4=",
      "requires": {
        "component-type": "*"
      }
    },
    "debug": {
      "version": "4.2.0",
      "resolved": "https://registry.npmjs.org/debug/-/debug-4.2.0.tgz",
      "integrity": "sha512-IX2ncY78vDTjZMFUdmsvIRFY2Cf4FnD0wRs+nQwJU8Lu99/tPFdb0VybiiMTPe3I6rQmwsqQqRBvxU+bZ/I8sg==",
      "requires": {
        "ms": "2.1.2"
      }
    },
    "domify": {
      "version": "1.3.2",
      "resolved": "https://registry.npmjs.org/domify/-/domify-1.3.2.tgz",
      "integrity": "sha1-QP0OPFMWe8cIAJQXlN9lAV2cico="
    },
    "escodegen": {
      "version": "1.2.0",
      "resolved": "https://registry.npmjs.org/escodegen/-/escodegen-1.2.0.tgz",
      "integrity": "sha1-Cd55Z3kcyVi3+Jot220jRRrzJ+E=",
      "requires": {
        "esprima": "~1.0.4",
        "estraverse": "~1.5.0",
        "esutils": "~1.0.0",
        "source-map": "~0.1.30"
      }
    },
    "esprima": {
      "version": "1.0.4",
      "resolved": "https://registry.npmjs.org/esprima/-/esprima-1.0.4.tgz",
      "integrity": "sha1-n1V+CPw7TSbs6d00+Pv0drYlha0="
    },
    "estraverse": {
      "version": "1.5.1",
      "resolved": "https://registry.npmjs.org/estraverse/-/estraverse-1.5.1.tgz",
      "integrity": "sha1-hno+jlip+EYYr7bC3bzZFrfLr3E="
    },
    "esutils": {
      "version": "1.0.0",
      "resolved": "https://registry.npmjs.org/esutils/-/esutils-1.0.0.tgz",
      "integrity": "sha1-gVHTWOIMisx/t0XnRywAJf5JZXA="
    },
    "follow-redirects": {
      "version": "1.13.0",
      "resolved": "https://registry.npmjs.org/follow-redirects/-/follow-redirects-1.13.0.tgz",
      "integrity": "sha512-aq6gF1BEKje4a9i9+5jimNFIpq4Q1WiwBToeRK5NvZBd/TRsmW8BsJfOEGkr76TbOyPVD3OVDN910EcUNtRYEA=="
    },
    "global-object": {
      "version": "1.0.0",
      "resolved": "https://registry.npmjs.org/global-object/-/global-object-1.0.0.tgz",
      "integrity": "sha1-KhtF6QHVXkdzFU8S8M7B75q6X58="
    },
    "matches-selector": {
      "version": "1.0.0",
      "resolved": "https://registry.npmjs.org/matches-selector/-/matches-selector-1.0.0.tgz",
      "integrity": "sha1-Q0gzRHAmol6kmZ7asY5LiJKyVyE="
    },
    "ms": {
      "version": "2.1.2",
      "resolved": "https://registry.npmjs.org/ms/-/ms-2.1.2.tgz",
      "integrity": "sha512-sGkPx+VjMtmA6MX27oA4FBFELFCZZ4S4XqeGOXCv68tT+jb3vk/RyaKWP0PTKyWtmLSM0b+adUTEvbs1PEaH2w=="
    },
    "object-keys": {
      "version": "1.0.3",
      "resolved": "https://registry.npmjs.org/object-keys/-/object-keys-1.0.3.tgz",
      "integrity": "sha1-G2edvsZRA9pIjtsy94K9mhXj3go="
    },
    "on-body": {
      "version": "0.0.1",
      "resolved": "https://registry.npmjs.org/on-body/-/on-body-0.0.1.tgz",
      "integrity": "sha1-5PtCg0T5j02KhzITnFTbuXaHdZ0=",
      "requires": {
        "component-each": "*"
      }
    },
    "private": {
      "version": "0.1.8",
      "resolved": "https://registry.npmjs.org/private/-/private-0.1.8.tgz",
      "integrity": "sha512-VvivMrbvd2nKkiG38qjULzlc+4Vx4wm/whI9pQD35YrARNnhxeiRktSOhSukRLFNlzg6Br/cJPet5J/u19r/mg=="
    },
    "recast": {
      "version": "0.5.27",
      "resolved": "https://registry.npmjs.org/recast/-/recast-0.5.27.tgz",
      "integrity": "sha1-DBtQi5icTqpav3G176wSQ1pA68Y=",
      "requires": {
        "ast-types": "~0.3.35",
        "cls": "~0.1.3",
        "esprima": "git+https://github.com/ariya/esprima.git#harmony",
        "private": "~0.1.4",
        "source-map": "0.1.32"
      },
      "dependencies": {
        "esprima": {
          "version": "git+https://github.com/ariya/esprima.git#a65a3eb93b9a5dce9a1184ca2d1bd0b184c6b8fd",
          "from": "git+https://github.com/ariya/esprima.git#harmony"
        },
        "source-map": {
          "version": "0.1.32",
          "resolved": "https://registry.npmjs.org/source-map/-/source-map-0.1.32.tgz",
          "integrity": "sha1-yLbBZ3l7pHQKjqMyUhYv8IWRsmY=",
          "requires": {
            "amdefine": ">=0.0.4"
          }
        }
      }
    },
    "remove-try-require": {
      "version": "0.0.0",
      "resolved": "https://registry.npmjs.org/remove-try-require/-/remove-try-require-0.0.0.tgz",
      "integrity": "sha1-Tr2PoF+29fdrqW8KcLpBrtjYZCI=",
      "requires": {
        "ast-parents": "0.0.1",
        "ast-transform": "0.0.0",
        "replace-method": "0.0.0"
      }
    },
    "replace-method": {
      "version": "0.0.0",
      "resolved": "https://registry.npmjs.org/replace-method/-/replace-method-0.0.0.tgz",
      "integrity": "sha1-NwTRBxHC1GHbApE1UGEFPO6D+vk=",
      "requires": {
        "recast": "~0.5.7"
      }
    },
    "source-map": {
      "version": "0.1.43",
      "resolved": "https://registry.npmjs.org/source-map/-/source-map-0.1.43.tgz",
      "integrity": "sha1-wkvBRspRfBRx9drL4lcbK3+eM0Y=",
      "requires": {
        "amdefine": ">=0.0.4"
      }
    },
    "text-content": {
      "version": "0.0.3",
      "resolved": "https://registry.npmjs.org/text-content/-/text-content-0.0.3.tgz",
      "integrity": "sha1-cY6maSwYgM2OJjf0sO4sgZ3FC+k="
    },
    "through": {
      "version": "2.3.8",
      "resolved": "https://registry.npmjs.org/through/-/through-2.3.8.tgz",
      "integrity": "sha1-DdTJ/6q8NXlgsbckEV1+Doai4fU="
    },
    "to-camel-case": {
      "version": "0.2.1",
      "resolved": "https://registry.npmjs.org/to-camel-case/-/to-camel-case-0.2.1.tgz",
      "integrity": "sha1-IAeZFSz6XnUreq0N/ot68QXK+qI=",
      "requires": {
        "to-space-case": "0.1.2"
      }
    },
    "to-function": {
      "version": "2.0.6",
      "resolved": "https://registry.npmjs.org/to-function/-/to-function-2.0.6.tgz",
      "integrity": "sha1-fVbNnDuS+o29eyLoPVGSTedA68U=",
      "requires": {
        "component-props": "*"
      }
    },
    "to-no-case": {
      "version": "0.1.1",
      "resolved": "https://registry.npmjs.org/to-no-case/-/to-no-case-0.1.1.tgz",
      "integrity": "sha1-zzPHDg8oFo2V5BWavxUOjFQu+f4="
    },
    "to-space-case": {
      "version": "0.1.2",
      "resolved": "https://registry.npmjs.org/to-space-case/-/to-space-case-0.1.2.tgz",
      "integrity": "sha1-mma+Pr5T8nefaH8CYu/9H8W20V4=",
      "requires": {
        "to-no-case": "0.1.1"
      }
    },
    "trim": {
      "version": "0.0.1",
      "resolved": "https://registry.npmjs.org/trim/-/trim-0.0.1.tgz",
      "integrity": "sha1-WFhUf2spB1fulczMZm+1AITEYN0="
    },
    "vue-analytics": {
      "version": "5.22.1",
      "resolved": "https://registry.npmjs.org/vue-analytics/-/vue-analytics-5.22.1.tgz",
      "integrity": "sha512-HPKQMN7gfcUqS5SxoO0VxqLRRSPkG1H1FqglsHccz6BatBatNtm/Vyy8brApktZxNCfnAkrSVDpxg3/FNDeOgQ=="
    },
    "vue-notification": {
      "version": "1.3.20",
      "resolved": "https://registry.npmjs.org/vue-notification/-/vue-notification-1.3.20.tgz",
      "integrity": "sha512-vPj67Ah72p8xvtyVE8emfadqVWguOScAjt6OJDEUdcW5hW189NsqvfkOrctxHUUO9UYl9cTbIkzAEcPnHu+zBQ=="
    },
    "vue-router": {
      "version": "3.4.8",
      "resolved": "https://registry.npmjs.org/vue-router/-/vue-router-3.4.8.tgz",
      "integrity": "sha512-3BsR84AqarcmweXjItxw3jwQsiYNssYg090yi4rlzTnCJxmHtkyCvhNz9Z7qRSOkmiV485KkUCReTp5AjNY4wg=="
    },
    "vue-session": {
      "version": "1.0.0",
      "resolved": "https://registry.npmjs.org/vue-session/-/vue-session-1.0.0.tgz",
      "integrity": "sha512-Ep9lRKGgCZdcGV3In3R3zoSp5Wr+hlcIc8WJ9BG+QKzibwaFZnnvp9HBVdd+dU8d6HGLSi5sWywDmd5MkrkfoQ=="
    },
    "within-document": {
      "version": "0.0.1",
      "resolved": "https://registry.npmjs.org/within-document/-/within-document-0.0.1.tgz",
      "integrity": "sha1-WQYSVZANDDYs/Ax5xtYJ5nKGupM="
    },
    "yields-traverse": {
      "version": "0.1.1",
      "resolved": "https://registry.npmjs.org/yields-traverse/-/yields-traverse-0.1.1.tgz",
      "integrity": "sha1-uzgQ8ydk/d+xUIesPbYqUI4GTYo=",
      "requires": {
        "matches-selector": "*"
      }
    }
  }
}
